<?xml version="1.0" encoding="utf-8"?>
<Project ToolsVersion="4.0" xmlns="http://schemas.microsoft.com/developer/msbuild/2003">
  <ItemGroup>
    <Filter Include="소스 파일">
      <UniqueIdentifier>{4FC737F1-C7A5-4376-A066-2A32D752A2FF}</UniqueIdentifier>
      <Extensions>cpp;c;cc;cxx;c++;cppm;ixx;def;odl;idl;hpj;bat;asm;asmx</Extensions>
    </Filter>
    <Filter Include="리소스 파일">
      <UniqueIdentifier>{67DA6AB6-F800-4c08-8B7A-83BB121AAD01}</UniqueIdentifier>
      <Extensions>rc;ico;cur;bmp;dlg;rc2;rct;bin;rgs;gif;jpg;jpeg;jpe;resx;tiff;tif;png;wav;mfcribbon-ms</Extensions>
    </Filter>
    <Filter Include="소스 파일\99.Headers">
      <UniqueIdentifier>{9720e3ba-7065-439b-bb8e-7df68e19036a}</UniqueIdentifier>
    </Filter>
    <Filter Include="소스 파일\00.MainGame">
      <UniqueIdentifier>{47f91065-279c-4a5c-8dd4-2851246bbd61}</UniqueIdentifier>
    </Filter>
    <Filter Include="소스 파일\99.Headers\Andromeda">
      <UniqueIdentifier>{50990596-4892-4826-ab4d-196e60dbf19e}</UniqueIdentifier>
    </Filter>
    <Filter Include="소스 파일\03.Objects">
      <UniqueIdentifier>{45f2f581-7523-4118-bad4-9bb8622b6c7d}</UniqueIdentifier>
    </Filter>
    <Filter Include="소스 파일\02.Scenes">
      <UniqueIdentifier>{c01b5b18-e442-47f2-93f8-e1b8315740ea}</UniqueIdentifier>
    </Filter>
    <Filter Include="소스 파일\01.Managers">
      <UniqueIdentifier>{c2b74382-a7d8-4f8e-a171-580d37e51548}</UniqueIdentifier>
    </Filter>
    <Filter Include="소스 파일\04.Resources">
      <UniqueIdentifier>{c9beb94a-fd79-45e9-8d1a-71a6c7eea6ea}</UniqueIdentifier>
    </Filter>
    <Filter Include="소스 파일\05.Components">
      <UniqueIdentifier>{910bda69-0722-4803-858d-0e836809252f}</UniqueIdentifier>
    </Filter>
    <Filter Include="소스 파일\06.UIs">
      <UniqueIdentifier>{cdd4d6ac-4a9e-4b73-af4c-416fa9bd37b3}</UniqueIdentifier>
    </Filter>
    <Filter Include="소스 파일\04.Resources\Paper2D">
      <UniqueIdentifier>{a7fb2333-3cf1-4b9b-bcaa-8ad514cb0f9e}</UniqueIdentifier>
    </Filter>
    <Filter Include="소스 파일\04.Resources\Game">
      <UniqueIdentifier>{5349b540-ef47-41cd-aceb-41e37b9abce8}</UniqueIdentifier>
    </Filter>
    <Filter Include="소스 파일\02.Scenes\Game">
      <UniqueIdentifier>{2104d300-28e8-459e-bf8f-ad4abdc0c8f8}</UniqueIdentifier>
    </Filter>
    <Filter Include="소스 파일\03.Objects\Game">
      <UniqueIdentifier>{b2b9ed9a-123a-458c-a7dd-641e913957ce}</UniqueIdentifier>
    </Filter>
    <Filter Include="소스 파일\03.Objects\Unreal">
      <UniqueIdentifier>{d2a3b506-6167-4910-a6a7-a12e6bcff650}</UniqueIdentifier>
    </Filter>
    <Filter Include="소스 파일\05.Components\Game">
      <UniqueIdentifier>{edc81f6e-f861-4560-beac-97f02e8bfccd}</UniqueIdentifier>
    </Filter>
    <Filter Include="소스 파일\04.Resources\Sound">
      <UniqueIdentifier>{785bf802-51c0-4670-86fb-9f47be7b3046}</UniqueIdentifier>
    </Filter>
    <Filter Include="소스 파일\03.Objects\Game\Creature">
      <UniqueIdentifier>{beaf9250-c8d5-4c5c-b888-3f86cdb09bbe}</UniqueIdentifier>
    </Filter>
    <Filter Include="소스 파일\03.Objects\Game\Projectile">
      <UniqueIdentifier>{4ef1ea0e-4b49-4b25-8b73-7321af74d71d}</UniqueIdentifier>
    </Filter>
    <Filter Include="소스 파일\05.Components\Collision">
      <UniqueIdentifier>{5f216b8d-0e43-42c9-a991-e770c5101e6c}</UniqueIdentifier>
    </Filter>
    <Filter Include="소스 파일\03.Objects\Game\Item">
      <UniqueIdentifier>{c5bb2a81-b920-42b7-b2ab-f4664279c437}</UniqueIdentifier>
    </Filter>
    <Filter Include="소스 파일\06.UIs\Game">
      <UniqueIdentifier>{04667565-4740-4ad1-b71b-da41fc5c4ea8}</UniqueIdentifier>
    </Filter>
    <Filter Include="소스 파일\06.UIs\Game\Inventory">
      <UniqueIdentifier>{7e6decd5-bd37-4c50-987a-564b81793791}</UniqueIdentifier>
    </Filter>
    <Filter Include="소스 파일\06.UIs\Game\Quickslot">
      <UniqueIdentifier>{f5f7fc63-0820-4229-9844-6980924acae5}</UniqueIdentifier>
    </Filter>
    <Filter Include="소스 파일\03.Objects\Game\Effect">
      <UniqueIdentifier>{415d12bf-85c2-45f3-bbdb-2849ac6789f5}</UniqueIdentifier>
    </Filter>
    <Filter Include="소스 파일\04.Resources\Font">
      <UniqueIdentifier>{9e4e8aa8-6678-42d5-8a7e-0bda690e2742}</UniqueIdentifier>
    </Filter>
    <Filter Include="소스 파일\06.UIs\Game\Dungeon">
      <UniqueIdentifier>{05c5646b-7e94-4d99-aba7-863027774884}</UniqueIdentifier>
    </Filter>
    <Filter Include="소스 파일\05.Components\Game\Minimap">
      <UniqueIdentifier>{aab500ae-db18-4bf7-8e59-e9e53d4bee62}</UniqueIdentifier>
    </Filter>
    <Filter Include="소스 파일\03.Objects\Game\Creature\Monster">
      <UniqueIdentifier>{3006bea7-8d7d-41da-9b54-7cea3f0d6016}</UniqueIdentifier>
    </Filter>
    <Filter Include="소스 파일\03.Objects\Game\Creature\Monster\Boss">
      <UniqueIdentifier>{18c44909-d162-47d0-b151-0593a6a04745}</UniqueIdentifier>
    </Filter>
    <Filter Include="소스 파일\03.Objects\Game\Creature\Monster\Boss\Minotaur">
      <UniqueIdentifier>{0b4b8aae-8c50-4067-8ce7-c62def9f887d}</UniqueIdentifier>
    </Filter>
    <Filter Include="소스 파일\03.Objects\Game\Creature\Monster\Common">
      <UniqueIdentifier>{eb880d77-5b1f-4868-b213-9f077cfe257d}</UniqueIdentifier>
    </Filter>
    <Filter Include="소스 파일\99.Headers\Game">
      <UniqueIdentifier>{5f5e8a79-c9d0-4acb-8cc1-8905423140e4}</UniqueIdentifier>
    </Filter>
    <Filter Include="소스 파일\03.Objects\Game\Camera">
      <UniqueIdentifier>{112fd4ad-f020-45a5-97ce-f355cdda2d8d}</UniqueIdentifier>
    </Filter>
    <Filter Include="소스 파일\06.UIs\Game\Settings">
      <UniqueIdentifier>{130e83d1-40ac-49e4-be72-295b5e66110e}</UniqueIdentifier>
    </Filter>
    <Filter Include="소스 파일\07.Systems">
      <UniqueIdentifier>{c133890e-cfd5-4f50-99e5-ea231ca3645c}</UniqueIdentifier>
    </Filter>
    <Filter Include="소스 파일\07.Systems\Game">
      <UniqueIdentifier>{0f039787-24d1-4945-9710-3f5585244aca}</UniqueIdentifier>
    </Filter>
    <Filter Include="소스 파일\06.UIs\Game\Quest">
      <UniqueIdentifier>{f60095d2-4cda-4856-9908-1b706aedf0f7}</UniqueIdentifier>
    </Filter>
    <Filter Include="소스 파일\07.Systems\Game\Qust">
      <UniqueIdentifier>{7e8207a9-328b-4987-9d07-169a9bb835b1}</UniqueIdentifier>
    </Filter>
    <Filter Include="소스 파일\06.UIs\Game\Shop">
      <UniqueIdentifier>{6ea5347b-1856-4703-a6a5-43d0e0a8d965}</UniqueIdentifier>
    </Filter>
  </ItemGroup>
  <ItemGroup>
    <ClInclude Include="HeroENTIAL.h">
      <Filter>소스 파일\00.MainGame</Filter>
    </ClInclude>
    <ClInclude Include="targetver.h">
      <Filter>소스 파일\99.Headers\Andromeda</Filter>
    </ClInclude>
    <ClInclude Include="framework.h">
      <Filter>소스 파일\99.Headers\Andromeda</Filter>
    </ClInclude>
    <ClInclude Include="Resource.h">
      <Filter>소스 파일\99.Headers\Andromeda</Filter>
    </ClInclude>
    <ClInclude Include="pch.h">
      <Filter>소스 파일\99.Headers</Filter>
    </ClInclude>
    <ClInclude Include="Game.h">
      <Filter>소스 파일\00.MainGame</Filter>
    </ClInclude>
    <ClInclude Include="Values.h">
      <Filter>소스 파일\99.Headers</Filter>
    </ClInclude>
    <ClInclude Include="Types.h">
      <Filter>소스 파일\99.Headers</Filter>
    </ClInclude>
    <ClInclude Include="Enums.h">
      <Filter>소스 파일\99.Headers</Filter>
    </ClInclude>
    <ClInclude Include="Defines.h">
      <Filter>소스 파일\99.Headers</Filter>
    </ClInclude>
    <ClInclude Include="Utils.h">
      <Filter>소스 파일\99.Headers</Filter>
    </ClInclude>
    <ClInclude Include="TimeManager.h">
      <Filter>소스 파일\01.Managers</Filter>
    </ClInclude>
    <ClInclude Include="InputManager.h">
      <Filter>소스 파일\01.Managers</Filter>
    </ClInclude>
    <ClInclude Include="ResourceBase.h">
      <Filter>소스 파일\04.Resources</Filter>
    </ClInclude>
    <ClInclude Include="Texture.h">
      <Filter>소스 파일\04.Resources\Paper2D</Filter>
    </ClInclude>
    <ClInclude Include="Sprite.h">
      <Filter>소스 파일\04.Resources\Paper2D</Filter>
    </ClInclude>
    <ClInclude Include="ResourceManager.h">
      <Filter>소스 파일\01.Managers</Filter>
    </ClInclude>
    <ClInclude Include="Scene.h">
      <Filter>소스 파일\02.Scenes</Filter>
    </ClInclude>
    <ClInclude Include="SceneManager.h">
      <Filter>소스 파일\01.Managers</Filter>
    </ClInclude>
    <ClInclude Include="Flipbook.h">
      <Filter>소스 파일\04.Resources\Paper2D</Filter>
    </ClInclude>
    <ClInclude Include="Actor.h">
      <Filter>소스 파일\03.Objects\Unreal</Filter>
    </ClInclude>
    <ClInclude Include="Component.h">
      <Filter>소스 파일\05.Components</Filter>
    </ClInclude>
    <ClInclude Include="CameraController.h">
      <Filter>소스 파일\03.Objects\Game\Camera</Filter>
    </ClInclude>
    <ClInclude Include="SpriteActor.h">
      <Filter>소스 파일\03.Objects\Unreal</Filter>
    </ClInclude>
    <ClInclude Include="FlipbookActor.h">
      <Filter>소스 파일\03.Objects\Unreal</Filter>
    </ClInclude>
    <ClInclude Include="Tilemap.h">
      <Filter>소스 파일\04.Resources\Paper2D</Filter>
    </ClInclude>
    <ClInclude Include="TilemapActor.h">
      <Filter>소스 파일\03.Objects\Unreal</Filter>
    </ClInclude>
    <ClInclude Include="GameObject.h">
      <Filter>소스 파일\03.Objects\Game</Filter>
    </ClInclude>
    <ClInclude Include="Player.h">
      <Filter>소스 파일\03.Objects\Game\Creature</Filter>
    </ClInclude>
    <ClInclude Include="Projectile.h">
      <Filter>소스 파일\03.Objects\Game\Projectile</Filter>
    </ClInclude>
    <ClInclude Include="Bullet.h">
      <Filter>소스 파일\03.Objects\Game\Projectile</Filter>
    </ClInclude>
    <ClInclude Include="Collider.h">
      <Filter>소스 파일\05.Components\Collision</Filter>
    </ClInclude>
    <ClInclude Include="BoxCollider.h">
      <Filter>소스 파일\05.Components\Collision</Filter>
    </ClInclude>
    <ClInclude Include="CollisionManager.h">
      <Filter>소스 파일\01.Managers</Filter>
    </ClInclude>
    <ClInclude Include="Item.h">
      <Filter>소스 파일\03.Objects\Game\Item</Filter>
    </ClInclude>
    <ClInclude Include="Consumable.h">
      <Filter>소스 파일\03.Objects\Game\Item</Filter>
    </ClInclude>
    <ClInclude Include="Potion.h">
      <Filter>소스 파일\03.Objects\Game\Item</Filter>
    </ClInclude>
    <ClInclude Include="UI.h">
      <Filter>소스 파일\06.UIs</Filter>
    </ClInclude>
    <ClInclude Include="Panel.h">
      <Filter>소스 파일\06.UIs</Filter>
    </ClInclude>
    <ClInclude Include="Button.h">
      <Filter>소스 파일\06.UIs</Filter>
    </ClInclude>
    <ClInclude Include="Inventory.h">
      <Filter>소스 파일\05.Components\Game</Filter>
    </ClInclude>
    <ClInclude Include="InventoryTooltip.h">
      <Filter>소스 파일\06.UIs\Game\Inventory</Filter>
    </ClInclude>
    <ClInclude Include="InventoryContainer.h">
      <Filter>소스 파일\06.UIs\Game\Inventory</Filter>
    </ClInclude>
    <ClInclude Include="InventoryPanel.h">
      <Filter>소스 파일\06.UIs\Game\Inventory</Filter>
    </ClInclude>
    <ClInclude Include="QuickslotPanel.h">
      <Filter>소스 파일\06.UIs\Game\Quickslot</Filter>
    </ClInclude>
    <ClInclude Include="QuickslotContainer.h">
      <Filter>소스 파일\06.UIs\Game\Quickslot</Filter>
    </ClInclude>
    <ClInclude Include="QuickslotSlot.h">
      <Filter>소스 파일\06.UIs\Game\Quickslot</Filter>
    </ClInclude>
    <ClInclude Include="UIManager.h">
      <Filter>소스 파일\01.Managers</Filter>
    </ClInclude>
    <ClInclude Include="Slot.h">
      <Filter>소스 파일\06.UIs\Game</Filter>
    </ClInclude>
    <ClInclude Include="HPbar.h">
      <Filter>소스 파일\06.UIs\Game</Filter>
    </ClInclude>
    <ClInclude Include="DamageSkin.h">
      <Filter>소스 파일\03.Objects\Game\Effect</Filter>
    </ClInclude>
    <ClInclude Include="Font.h">
      <Filter>소스 파일\04.Resources\Font</Filter>
    </ClInclude>
    <ClInclude Include="LobbyScene.h">
      <Filter>소스 파일\02.Scenes\Game</Filter>
    </ClInclude>
    <ClInclude Include="NPC.h">
      <Filter>소스 파일\03.Objects\Game\Creature</Filter>
    </ClInclude>
    <ClInclude Include="DungeonEnterPanel.h">
      <Filter>소스 파일\06.UIs\Game\Dungeon</Filter>
    </ClInclude>
    <ClInclude Include="DungeonEnterContainer.h">
      <Filter>소스 파일\06.UIs\Game\Dungeon</Filter>
    </ClInclude>
    <ClInclude Include="BattleScene.h">
      <Filter>소스 파일\02.Scenes\Game</Filter>
    </ClInclude>
    <ClInclude Include="Stage1.h">
      <Filter>소스 파일\02.Scenes\Game</Filter>
    </ClInclude>
    <ClInclude Include="Minimap.h">
      <Filter>소스 파일\05.Components\Game\Minimap</Filter>
    </ClInclude>
    <ClInclude Include="CameraShake.h">
      <Filter>소스 파일\03.Objects\Game\Camera</Filter>
    </ClInclude>
    <ClInclude Include="Monster.h">
      <Filter>소스 파일\03.Objects\Game\Creature\Monster</Filter>
    </ClInclude>
    <ClInclude Include="Creature.h">
      <Filter>소스 파일\03.Objects\Game\Creature</Filter>
    </ClInclude>
    <ClInclude Include="BossMonster.h">
      <Filter>소스 파일\03.Objects\Game\Creature\Monster\Boss</Filter>
    </ClInclude>
    <ClInclude Include="BossPattern.h">
      <Filter>소스 파일\03.Objects\Game\Creature\Monster\Boss</Filter>
    </ClInclude>
    <ClInclude Include="Minotaur.h">
      <Filter>소스 파일\03.Objects\Game\Creature\Monster\Boss\Minotaur</Filter>
    </ClInclude>
    <ClInclude Include="Sound.h">
      <Filter>소스 파일\04.Resources\Sound</Filter>
    </ClInclude>
    <ClInclude Include="SoundManager.h">
      <Filter>소스 파일\01.Managers</Filter>
    </ClInclude>
    <ClInclude Include="Goblin.h">
      <Filter>소스 파일\03.Objects\Game\Creature\Monster\Common</Filter>
    </ClInclude>
    <ClInclude Include="SmashAttack.h">
      <Filter>소스 파일\03.Objects\Game\Creature\Monster\Boss\Minotaur</Filter>
    </ClInclude>
    <ClInclude Include="Effect.h">
      <Filter>소스 파일\03.Objects\Game\Effect</Filter>
    </ClInclude>
    <ClInclude Include="RedRectWarningEffect.h">
      <Filter>소스 파일\03.Objects\Game\Effect</Filter>
    </ClInclude>
    <ClInclude Include="SwingStormSkill.h">
      <Filter>소스 파일\03.Objects\Game\Creature\Monster\Boss\Minotaur</Filter>
    </ClInclude>
    <ClInclude Include="GameEndPanel.h">
      <Filter>소스 파일\06.UIs\Game\Dungeon</Filter>
    </ClInclude>
    <ClInclude Include="GameEndContainer.h">
      <Filter>소스 파일\06.UIs\Game\Dungeon</Filter>
    </ClInclude>
    <ClInclude Include="Stage2.h">
      <Filter>소스 파일\02.Scenes\Game</Filter>
    </ClInclude>
    <ClInclude Include="EngineComponents.h">
      <Filter>소스 파일\99.Headers\Game</Filter>
    </ClInclude>
    <ClInclude Include="GameObjects.h">
      <Filter>소스 파일\99.Headers\Game</Filter>
    </ClInclude>
    <ClInclude Include="GameUI.h">
      <Filter>소스 파일\99.Headers\Game</Filter>
    </ClInclude>
    <ClInclude Include="WarningBannerUI.h">
      <Filter>소스 파일\06.UIs\Game\Dungeon</Filter>
    </ClInclude>
    <ClInclude Include="SettingsContainer.h">
      <Filter>소스 파일\06.UIs\Game\Settings</Filter>
    </ClInclude>
    <ClInclude Include="SettingsMainPanel.h">
      <Filter>소스 파일\06.UIs\Game\Settings</Filter>
    </ClInclude>
    <ClInclude Include="SettingsSoundPanel.h">
      <Filter>소스 파일\06.UIs\Game\Settings</Filter>
    </ClInclude>
    <ClInclude Include="Slider.h">
      <Filter>소스 파일\06.UIs</Filter>
    </ClInclude>
    <ClInclude Include="IObjective.h">
      <Filter>소스 파일\07.Systems</Filter>
    </ClInclude>
    <ClInclude Include="QuestPanel.h">
      <Filter>소스 파일\06.UIs\Game\Quest</Filter>
    </ClInclude>
    <ClInclude Include="QuestSlot.h">
      <Filter>소스 파일\06.UIs\Game\Quest</Filter>
    </ClInclude>
    <ClInclude Include="QuestContainer.h">
      <Filter>소스 파일\06.UIs\Game\Quest</Filter>
    </ClInclude>
    <ClInclude Include="CurrencyItem.h">
      <Filter>소스 파일\03.Objects\Game\Item</Filter>
    </ClInclude>
    <ClInclude Include="GameManager.h">
      <Filter>소스 파일\01.Managers</Filter>
    </ClInclude>
    <ClInclude Include="QuestCondition.h">
      <Filter>소스 파일\07.Systems\Game\Qust</Filter>
    </ClInclude>
    <ClInclude Include="KillMonsterCondition.h">
      <Filter>소스 파일\07.Systems\Game\Qust</Filter>
    </ClInclude>
    <ClInclude Include="Quest.h">
      <Filter>소스 파일\07.Systems\Game\Qust</Filter>
    </ClInclude>
    <ClInclude Include="QuestSystem.h">
      <Filter>소스 파일\07.Systems\Game\Qust</Filter>
    </ClInclude>
    <ClInclude Include="ShopPanel.h">
      <Filter>소스 파일\06.UIs\Game\Shop</Filter>
    </ClInclude>
    <ClInclude Include="ShopSlot.h">
      <Filter>소스 파일\06.UIs\Game\Shop</Filter>
    </ClInclude>
  </ItemGroup>
  <ItemGroup>
    <ClCompile Include="HeroENTIAL.cpp">
      <Filter>소스 파일\00.MainGame</Filter>
    </ClCompile>
    <ClCompile Include="pch.cpp">
      <Filter>소스 파일\99.Headers</Filter>
    </ClCompile>
    <ClCompile Include="Game.cpp">
      <Filter>소스 파일\00.MainGame</Filter>
    </ClCompile>
    <ClCompile Include="Utils.cpp">
      <Filter>소스 파일\99.Headers</Filter>
    </ClCompile>
    <ClCompile Include="TimeManager.cpp">
      <Filter>소스 파일\01.Managers</Filter>
    </ClCompile>
    <ClCompile Include="InputManager.cpp">
      <Filter>소스 파일\01.Managers</Filter>
    </ClCompile>
    <ClCompile Include="ResourceBase.cpp">
      <Filter>소스 파일\04.Resources</Filter>
    </ClCompile>
    <ClCompile Include="Texture.cpp">
      <Filter>소스 파일\04.Resources\Paper2D</Filter>
    </ClCompile>
    <ClCompile Include="Sprite.cpp">
      <Filter>소스 파일\04.Resources\Paper2D</Filter>
    </ClCompile>
    <ClCompile Include="ResourceManager.cpp">
      <Filter>소스 파일\01.Managers</Filter>
    </ClCompile>
    <ClCompile Include="Scene.cpp">
      <Filter>소스 파일\02.Scenes</Filter>
    </ClCompile>
    <ClCompile Include="SceneManager.cpp">
      <Filter>소스 파일\01.Managers</Filter>
    </ClCompile>
    <ClCompile Include="Flipbook.cpp">
      <Filter>소스 파일\04.Resources\Paper2D</Filter>
    </ClCompile>
    <ClCompile Include="Actor.cpp">
      <Filter>소스 파일\03.Objects\Unreal</Filter>
    </ClCompile>
    <ClCompile Include="Component.cpp">
      <Filter>소스 파일\05.Components</Filter>
    </ClCompile>
    <ClCompile Include="CameraController.cpp">
      <Filter>소스 파일\03.Objects\Game\Camera</Filter>
    </ClCompile>
    <ClCompile Include="SpriteActor.cpp">
      <Filter>소스 파일\03.Objects\Unreal</Filter>
    </ClCompile>
    <ClCompile Include="FlipbookActor.cpp">
      <Filter>소스 파일\03.Objects\Unreal</Filter>
    </ClCompile>
    <ClCompile Include="Tilemap.cpp">
      <Filter>소스 파일\04.Resources\Paper2D</Filter>
    </ClCompile>
    <ClCompile Include="TilemapActor.cpp">
      <Filter>소스 파일\03.Objects\Unreal</Filter>
    </ClCompile>
    <ClCompile Include="GameObject.cpp">
      <Filter>소스 파일\03.Objects\Game</Filter>
    </ClCompile>
    <ClCompile Include="Player.cpp">
      <Filter>소스 파일\03.Objects\Game\Creature</Filter>
    </ClCompile>
    <ClCompile Include="Projectile.cpp">
      <Filter>소스 파일\03.Objects\Game\Projectile</Filter>
    </ClCompile>
    <ClCompile Include="Bullet.cpp">
      <Filter>소스 파일\03.Objects\Game\Projectile</Filter>
    </ClCompile>
    <ClCompile Include="Collider.cpp">
      <Filter>소스 파일\05.Components\Collision</Filter>
    </ClCompile>
    <ClCompile Include="BoxCollider.cpp">
      <Filter>소스 파일\05.Components\Collision</Filter>
    </ClCompile>
    <ClCompile Include="CollisionManager.cpp">
      <Filter>소스 파일\01.Managers</Filter>
    </ClCompile>
    <ClCompile Include="Item.cpp">
      <Filter>소스 파일\03.Objects\Game\Item</Filter>
    </ClCompile>
    <ClCompile Include="Consumable.cpp">
      <Filter>소스 파일\03.Objects\Game\Item</Filter>
    </ClCompile>
    <ClCompile Include="Potion.cpp">
      <Filter>소스 파일\03.Objects\Game\Item</Filter>
    </ClCompile>
    <ClCompile Include="UI.cpp">
      <Filter>소스 파일\06.UIs</Filter>
    </ClCompile>
    <ClCompile Include="Panel.cpp">
      <Filter>소스 파일\06.UIs</Filter>
    </ClCompile>
    <ClCompile Include="Button.cpp">
      <Filter>소스 파일\06.UIs</Filter>
    </ClCompile>
    <ClCompile Include="Inventory.cpp">
      <Filter>소스 파일\05.Components\Game</Filter>
    </ClCompile>
    <ClCompile Include="InventoryContainer.cpp">
      <Filter>소스 파일\06.UIs\Game\Inventory</Filter>
    </ClCompile>
    <ClCompile Include="InventoryPanel.cpp">
      <Filter>소스 파일\06.UIs\Game\Inventory</Filter>
    </ClCompile>
    <ClCompile Include="InventoryTooltip.cpp">
      <Filter>소스 파일\06.UIs\Game\Inventory</Filter>
    </ClCompile>
    <ClCompile Include="QuickslotPanel.cpp">
      <Filter>소스 파일\06.UIs\Game\Quickslot</Filter>
    </ClCompile>
    <ClCompile Include="QuickslotContainer.cpp">
      <Filter>소스 파일\06.UIs\Game\Quickslot</Filter>
    </ClCompile>
    <ClCompile Include="QuickslotSlot.cpp">
      <Filter>소스 파일\06.UIs\Game\Quickslot</Filter>
    </ClCompile>
    <ClCompile Include="UIManager.cpp">
      <Filter>소스 파일\01.Managers</Filter>
    </ClCompile>
    <ClCompile Include="Slot.cpp">
      <Filter>소스 파일\06.UIs\Game</Filter>
    </ClCompile>
    <ClCompile Include="HPbar.cpp">
      <Filter>소스 파일\06.UIs\Game</Filter>
    </ClCompile>
    <ClCompile Include="DamageSkin.cpp">
      <Filter>소스 파일\03.Objects\Game\Effect</Filter>
    </ClCompile>
    <ClCompile Include="Font.cpp">
      <Filter>소스 파일\04.Resources\Font</Filter>
    </ClCompile>
    <ClCompile Include="LobbyScene.cpp">
      <Filter>소스 파일\02.Scenes\Game</Filter>
    </ClCompile>
    <ClCompile Include="NPC.cpp">
      <Filter>소스 파일\03.Objects\Game\Creature</Filter>
    </ClCompile>
    <ClCompile Include="DungeonEnterPanel.cpp">
      <Filter>소스 파일\06.UIs\Game\Dungeon</Filter>
    </ClCompile>
    <ClCompile Include="DungeonEnterContainer.cpp">
      <Filter>소스 파일\06.UIs\Game\Dungeon</Filter>
    </ClCompile>
    <ClCompile Include="BattleScene.cpp">
      <Filter>소스 파일\02.Scenes\Game</Filter>
    </ClCompile>
    <ClCompile Include="Stage1.cpp">
      <Filter>소스 파일\02.Scenes\Game</Filter>
    </ClCompile>
    <ClCompile Include="Minimap.cpp">
      <Filter>소스 파일\05.Components\Game\Minimap</Filter>
    </ClCompile>
    <ClCompile Include="CameraShake.cpp">
      <Filter>소스 파일\03.Objects\Game\Camera</Filter>
    </ClCompile>
    <ClCompile Include="Monster.cpp">
      <Filter>소스 파일\03.Objects\Game\Creature\Monster</Filter>
    </ClCompile>
    <ClCompile Include="Creature.cpp">
      <Filter>소스 파일\03.Objects\Game\Creature</Filter>
    </ClCompile>
    <ClCompile Include="BossMonster.cpp">
      <Filter>소스 파일\03.Objects\Game\Creature\Monster\Boss</Filter>
    </ClCompile>
    <ClCompile Include="BossPattern.cpp">
      <Filter>소스 파일\03.Objects\Game\Creature\Monster\Boss</Filter>
    </ClCompile>
    <ClCompile Include="Minotaur.cpp">
      <Filter>소스 파일\03.Objects\Game\Creature\Monster\Boss\Minotaur</Filter>
    </ClCompile>
    <ClCompile Include="Sound.cpp">
      <Filter>소스 파일\04.Resources\Sound</Filter>
    </ClCompile>
    <ClCompile Include="SoundManager.cpp">
      <Filter>소스 파일\01.Managers</Filter>
    </ClCompile>
    <ClCompile Include="Goblin.cpp">
      <Filter>소스 파일\03.Objects\Game\Creature\Monster\Common</Filter>
    </ClCompile>
    <ClCompile Include="SmashAttack.cpp">
      <Filter>소스 파일\03.Objects\Game\Creature\Monster\Boss\Minotaur</Filter>
    </ClCompile>
    <ClCompile Include="Effect.cpp">
      <Filter>소스 파일\03.Objects\Game\Effect</Filter>
    </ClCompile>
    <ClCompile Include="RedRectWarningEffect.cpp">
      <Filter>소스 파일\03.Objects\Game\Effect</Filter>
    </ClCompile>
    <ClCompile Include="SwingStormSkill.cpp">
      <Filter>소스 파일\03.Objects\Game\Creature\Monster\Boss\Minotaur</Filter>
    </ClCompile>
    <ClCompile Include="GameEndPanel.cpp">
      <Filter>소스 파일\06.UIs\Game\Dungeon</Filter>
    </ClCompile>
    <ClCompile Include="GameEndContainer.cpp">
      <Filter>소스 파일\06.UIs\Game\Dungeon</Filter>
    </ClCompile>
    <ClCompile Include="Stage2.cpp">
      <Filter>소스 파일\02.Scenes\Game</Filter>
    </ClCompile>
    <ClCompile Include="WarningBannerUI.cpp">
      <Filter>소스 파일\06.UIs\Game\Dungeon</Filter>
    </ClCompile>
    <ClCompile Include="SettingsContainer.cpp">
      <Filter>소스 파일\06.UIs\Game\Settings</Filter>
    </ClCompile>
    <ClCompile Include="SettingsMainPanel.cpp">
      <Filter>소스 파일\06.UIs\Game\Settings</Filter>
    </ClCompile>
    <ClCompile Include="SettingsSoundPanel.cpp">
      <Filter>소스 파일\06.UIs\Game\Settings</Filter>
    </ClCompile>
    <ClCompile Include="Slider.cpp">
      <Filter>소스 파일\06.UIs</Filter>
    </ClCompile>
    <ClCompile Include="IObjective.cpp">
      <Filter>소스 파일\07.Systems</Filter>
    </ClCompile>
    <ClCompile Include="QuestPanel.cpp">
      <Filter>소스 파일\06.UIs\Game\Quest</Filter>
    </ClCompile>
    <ClCompile Include="QuestSlot.cpp">
      <Filter>소스 파일\06.UIs\Game\Quest</Filter>
    </ClCompile>
    <ClCompile Include="QuestContainer.cpp">
      <Filter>소스 파일\06.UIs\Game\Quest</Filter>
    </ClCompile>
    <ClCompile Include="CurrencyItem.cpp">
      <Filter>소스 파일\03.Objects\Game\Item</Filter>
    </ClCompile>
    <ClCompile Include="GameManager.cpp">
      <Filter>소스 파일\01.Managers</Filter>
    </ClCompile>
    <ClCompile Include="KillMonsterCondition.cpp">
      <Filter>소스 파일\07.Systems\Game\Qust</Filter>
    </ClCompile>
    <ClCompile Include="Quest.cpp">
      <Filter>소스 파일\07.Systems\Game\Qust</Filter>
    </ClCompile>
    <ClCompile Include="QuestCondition.cpp">
      <Filter>소스 파일\07.Systems\Game\Qust</Filter>
    </ClCompile>
    <ClCompile Include="QuestSystem.cpp">
      <Filter>소스 파일\07.Systems\Game\Qust</Filter>
    </ClCompile>
    <ClCompile Include="ShopPanel.cpp">
      <Filter>소스 파일\06.UIs\Game\Shop</Filter>
    </ClCompile>
    <ClCompile Include="ShopSlot.cpp">
      <Filter>소스 파일\06.UIs\Game\Shop</Filter>
    </ClCompile>
  </ItemGroup>
  <ItemGroup>
    <ResourceCompile Include="HeroENTIAL.rc">
      <Filter>리소스 파일</Filter>
    </ResourceCompile>
  </ItemGroup>
  <ItemGroup>
    <Image Include="small.ico">
      <Filter>리소스 파일</Filter>
    </Image>
    <Image Include="HeroENTIAL.ico">
      <Filter>리소스 파일</Filter>
    </Image>
  </ItemGroup>
</Project>