<?xml version="1.0" encoding="utf-8"?>
<Project ToolsVersion="4.0" xmlns="http://schemas.microsoft.com/developer/msbuild/2003">
  <ItemGroup>
    <Filter Include="소스 파일">
      <UniqueIdentifier>{4FC737F1-C7A5-4376-A066-2A32D752A2FF}</UniqueIdentifier>
      <Extensions>cpp;c;cc;cxx;c++;cppm;ixx;def;odl;idl;hpj;bat;asm;asmx</Extensions>
    </Filter>
    <Filter Include="리소스 파일">
      <UniqueIdentifier>{67DA6AB6-F800-4c08-8B7A-83BB121AAD01}</UniqueIdentifier>
      <Extensions>rc;ico;cur;bmp;dlg;rc2;rct;bin;rgs;gif;jpg;jpeg;jpe;resx;tiff;tif;png;wav;mfcribbon-ms</Extensions>
    </Filter>
    <Filter Include="소스 파일\99.Headers">
      <UniqueIdentifier>{9720e3ba-7065-439b-bb8e-7df68e19036a}</UniqueIdentifier>
    </Filter>
    <Filter Include="소스 파일\00.MainGame">
      <UniqueIdentifier>{47f91065-279c-4a5c-8dd4-2851246bbd61}</UniqueIdentifier>
    </Filter>
    <Filter Include="소스 파일\99.Headers\Andromeda">
      <UniqueIdentifier>{50990596-4892-4826-ab4d-196e60dbf19e}</UniqueIdentifier>
    </Filter>
    <Filter Include="소스 파일\03.Objects">
      <UniqueIdentifier>{45f2f581-7523-4118-bad4-9bb8622b6c7d}</UniqueIdentifier>
    </Filter>
    <Filter Include="소스 파일\02.Scenes">
      <UniqueIdentifier>{c01b5b18-e442-47f2-93f8-e1b8315740ea}</UniqueIdentifier>
    </Filter>
    <Filter Include="소스 파일\01.Managers">
      <UniqueIdentifier>{c2b74382-a7d8-4f8e-a171-580d37e51548}</UniqueIdentifier>
    </Filter>
    <Filter Include="소스 파일\04.Resources">
      <UniqueIdentifier>{c9beb94a-fd79-45e9-8d1a-71a6c7eea6ea}</UniqueIdentifier>
    </Filter>
    <Filter Include="소스 파일\05.Components">
      <UniqueIdentifier>{910bda69-0722-4803-858d-0e836809252f}</UniqueIdentifier>
    </Filter>
    <Filter Include="소스 파일\06.UIs">
      <UniqueIdentifier>{cdd4d6ac-4a9e-4b73-af4c-416fa9bd37b3}</UniqueIdentifier>
    </Filter>
    <Filter Include="소스 파일\01.Managers\Game">
      <UniqueIdentifier>{996925c3-dc1c-48dc-822e-629634b0dc52}</UniqueIdentifier>
    </Filter>
    <Filter Include="소스 파일\04.Resources\Paper2D">
      <UniqueIdentifier>{a7fb2333-3cf1-4b9b-bcaa-8ad514cb0f9e}</UniqueIdentifier>
    </Filter>
    <Filter Include="소스 파일\04.Resources\Game">
      <UniqueIdentifier>{5349b540-ef47-41cd-aceb-41e37b9abce8}</UniqueIdentifier>
    </Filter>
    <Filter Include="소스 파일\02.Scenes\Game">
      <UniqueIdentifier>{2104d300-28e8-459e-bf8f-ad4abdc0c8f8}</UniqueIdentifier>
    </Filter>
    <Filter Include="소스 파일\03.Objects\Game">
      <UniqueIdentifier>{b2b9ed9a-123a-458c-a7dd-641e913957ce}</UniqueIdentifier>
    </Filter>
    <Filter Include="소스 파일\03.Objects\Unreal">
      <UniqueIdentifier>{d2a3b506-6167-4910-a6a7-a12e6bcff650}</UniqueIdentifier>
    </Filter>
    <Filter Include="소스 파일\05.Components\Game">
      <UniqueIdentifier>{edc81f6e-f861-4560-beac-97f02e8bfccd}</UniqueIdentifier>
    </Filter>
    <Filter Include="소스 파일\05.Components\Camera">
      <UniqueIdentifier>{112fd4ad-f020-45a5-97ce-f355cdda2d8d}</UniqueIdentifier>
    </Filter>
    <Filter Include="소스 파일\04.Resources\Sound">
      <UniqueIdentifier>{785bf802-51c0-4670-86fb-9f47be7b3046}</UniqueIdentifier>
    </Filter>
    <Filter Include="소스 파일\03.Objects\Game\Creature">
      <UniqueIdentifier>{beaf9250-c8d5-4c5c-b888-3f86cdb09bbe}</UniqueIdentifier>
    </Filter>
    <Filter Include="소스 파일\03.Objects\Game\Projectile">
      <UniqueIdentifier>{4ef1ea0e-4b49-4b25-8b73-7321af74d71d}</UniqueIdentifier>
    </Filter>
  </ItemGroup>
  <ItemGroup>
    <ClInclude Include="HeroENTIAL.h">
      <Filter>소스 파일\00.MainGame</Filter>
    </ClInclude>
    <ClInclude Include="targetver.h">
      <Filter>소스 파일\99.Headers\Andromeda</Filter>
    </ClInclude>
    <ClInclude Include="framework.h">
      <Filter>소스 파일\99.Headers\Andromeda</Filter>
    </ClInclude>
    <ClInclude Include="Resource.h">
      <Filter>소스 파일\99.Headers\Andromeda</Filter>
    </ClInclude>
    <ClInclude Include="pch.h">
      <Filter>소스 파일\99.Headers</Filter>
    </ClInclude>
    <ClInclude Include="Game.h">
      <Filter>소스 파일\00.MainGame</Filter>
    </ClInclude>
    <ClInclude Include="Values.h">
      <Filter>소스 파일\99.Headers</Filter>
    </ClInclude>
    <ClInclude Include="Types.h">
      <Filter>소스 파일\99.Headers</Filter>
    </ClInclude>
    <ClInclude Include="Enums.h">
      <Filter>소스 파일\99.Headers</Filter>
    </ClInclude>
    <ClInclude Include="Defines.h">
      <Filter>소스 파일\99.Headers</Filter>
    </ClInclude>
    <ClInclude Include="Utils.h">
      <Filter>소스 파일\99.Headers</Filter>
    </ClInclude>
    <ClInclude Include="TimeManager.h">
      <Filter>소스 파일\01.Managers</Filter>
    </ClInclude>
    <ClInclude Include="InputManager.h">
      <Filter>소스 파일\01.Managers</Filter>
    </ClInclude>
    <ClInclude Include="ResourceBase.h">
      <Filter>소스 파일\04.Resources</Filter>
    </ClInclude>
    <ClInclude Include="Texture.h">
      <Filter>소스 파일\04.Resources\Paper2D</Filter>
    </ClInclude>
    <ClInclude Include="Sprite.h">
      <Filter>소스 파일\04.Resources\Paper2D</Filter>
    </ClInclude>
    <ClInclude Include="ResourceManager.h">
      <Filter>소스 파일\01.Managers</Filter>
    </ClInclude>
    <ClInclude Include="Scene.h">
      <Filter>소스 파일\02.Scenes</Filter>
    </ClInclude>
    <ClInclude Include="DevScene.h">
      <Filter>소스 파일\02.Scenes\Game</Filter>
    </ClInclude>
    <ClInclude Include="SceneManager.h">
      <Filter>소스 파일\01.Managers</Filter>
    </ClInclude>
    <ClInclude Include="Flipbook.h">
      <Filter>소스 파일\04.Resources\Paper2D</Filter>
    </ClInclude>
    <ClInclude Include="Actor.h">
      <Filter>소스 파일\03.Objects\Unreal</Filter>
    </ClInclude>
    <ClInclude Include="Component.h">
      <Filter>소스 파일\05.Components</Filter>
    </ClInclude>
    <ClInclude Include="CameraComponent.h">
      <Filter>소스 파일\05.Components\Camera</Filter>
    </ClInclude>
    <ClInclude Include="SpriteActor.h">
      <Filter>소스 파일\03.Objects\Unreal</Filter>
    </ClInclude>
    <ClInclude Include="FlipbookActor.h">
      <Filter>소스 파일\03.Objects\Unreal</Filter>
    </ClInclude>
    <ClInclude Include="Tilemap.h">
      <Filter>소스 파일\04.Resources\Paper2D</Filter>
    </ClInclude>
    <ClInclude Include="TilemapActor.h">
      <Filter>소스 파일\03.Objects\Unreal</Filter>
    </ClInclude>
    <ClInclude Include="GameObject.h">
      <Filter>소스 파일\03.Objects\Game</Filter>
    </ClInclude>
    <ClInclude Include="Creature.h">
      <Filter>소스 파일\03.Objects\Game\Creature</Filter>
    </ClInclude>
    <ClInclude Include="Player.h">
      <Filter>소스 파일\03.Objects\Game\Creature</Filter>
    </ClInclude>
    <ClInclude Include="Projectile.h">
      <Filter>소스 파일\03.Objects\Game\Projectile</Filter>
    </ClInclude>
    <ClInclude Include="SonicWave.h">
      <Filter>소스 파일\03.Objects\Game\Projectile</Filter>
    </ClInclude>
    <ClInclude Include="Monster.h">
      <Filter>소스 파일\03.Objects\Game\Creature</Filter>
    </ClInclude>
    <ClInclude Include="Goblin.h">
      <Filter>소스 파일\03.Objects\Game\Creature</Filter>
    </ClInclude>
    <ClInclude Include="Bullet.h">
      <Filter>소스 파일\03.Objects\Game\Projectile</Filter>
    </ClInclude>
  </ItemGroup>
  <ItemGroup>
    <ClCompile Include="HeroENTIAL.cpp">
      <Filter>소스 파일\00.MainGame</Filter>
    </ClCompile>
    <ClCompile Include="pch.cpp">
      <Filter>소스 파일\99.Headers</Filter>
    </ClCompile>
    <ClCompile Include="Game.cpp">
      <Filter>소스 파일\00.MainGame</Filter>
    </ClCompile>
    <ClCompile Include="Utils.cpp">
      <Filter>소스 파일\99.Headers</Filter>
    </ClCompile>
    <ClCompile Include="TimeManager.cpp">
      <Filter>소스 파일\01.Managers</Filter>
    </ClCompile>
    <ClCompile Include="InputManager.cpp">
      <Filter>소스 파일\01.Managers</Filter>
    </ClCompile>
    <ClCompile Include="ResourceBase.cpp">
      <Filter>소스 파일\04.Resources</Filter>
    </ClCompile>
    <ClCompile Include="Texture.cpp">
      <Filter>소스 파일\04.Resources\Paper2D</Filter>
    </ClCompile>
    <ClCompile Include="Sprite.cpp">
      <Filter>소스 파일\04.Resources\Paper2D</Filter>
    </ClCompile>
    <ClCompile Include="ResourceManager.cpp">
      <Filter>소스 파일\01.Managers</Filter>
    </ClCompile>
    <ClCompile Include="Scene.cpp">
      <Filter>소스 파일\02.Scenes</Filter>
    </ClCompile>
    <ClCompile Include="DevScene.cpp">
      <Filter>소스 파일\02.Scenes\Game</Filter>
    </ClCompile>
    <ClCompile Include="SceneManager.cpp">
      <Filter>소스 파일\01.Managers</Filter>
    </ClCompile>
    <ClCompile Include="Flipbook.cpp">
      <Filter>소스 파일\04.Resources\Paper2D</Filter>
    </ClCompile>
    <ClCompile Include="Actor.cpp">
      <Filter>소스 파일\03.Objects\Unreal</Filter>
    </ClCompile>
    <ClCompile Include="Component.cpp">
      <Filter>소스 파일\05.Components</Filter>
    </ClCompile>
    <ClCompile Include="CameraComponent.cpp">
      <Filter>소스 파일\05.Components\Camera</Filter>
    </ClCompile>
    <ClCompile Include="SpriteActor.cpp">
      <Filter>소스 파일\03.Objects\Unreal</Filter>
    </ClCompile>
    <ClCompile Include="FlipbookActor.cpp">
      <Filter>소스 파일\03.Objects\Unreal</Filter>
    </ClCompile>
    <ClCompile Include="Tilemap.cpp">
      <Filter>소스 파일\04.Resources\Paper2D</Filter>
    </ClCompile>
    <ClCompile Include="TilemapActor.cpp">
      <Filter>소스 파일\03.Objects\Unreal</Filter>
    </ClCompile>
    <ClCompile Include="GameObject.cpp">
      <Filter>소스 파일\03.Objects\Game</Filter>
    </ClCompile>
    <ClCompile Include="Creature.cpp">
      <Filter>소스 파일\03.Objects\Game\Creature</Filter>
    </ClCompile>
    <ClCompile Include="Player.cpp">
      <Filter>소스 파일\03.Objects\Game\Creature</Filter>
    </ClCompile>
    <ClCompile Include="Projectile.cpp">
      <Filter>소스 파일\03.Objects\Game\Projectile</Filter>
    </ClCompile>
    <ClCompile Include="SonicWave.cpp">
      <Filter>소스 파일\03.Objects\Game\Projectile</Filter>
    </ClCompile>
    <ClCompile Include="Monster.cpp">
      <Filter>소스 파일\03.Objects\Game\Creature</Filter>
    </ClCompile>
    <ClCompile Include="Goblin.cpp">
      <Filter>소스 파일\03.Objects\Game\Creature</Filter>
    </ClCompile>
    <ClCompile Include="Bullet.cpp">
      <Filter>소스 파일\03.Objects\Game\Projectile</Filter>
    </ClCompile>
  </ItemGroup>
  <ItemGroup>
    <ResourceCompile Include="HeroENTIAL.rc">
      <Filter>리소스 파일</Filter>
    </ResourceCompile>
  </ItemGroup>
  <ItemGroup>
    <Image Include="small.ico">
      <Filter>리소스 파일</Filter>
    </Image>
    <Image Include="HeroENTIAL.ico">
      <Filter>리소스 파일</Filter>
    </Image>
  </ItemGroup>
</Project>